
Microsoft Visual Studio Solution File, Format Version 12.00
# Visual Studio Version 16
VisualStudioVersion = 16.0.30309.148
MinimumVisualStudioVersion = 10.0.40219.1
Project("{9A19103F-16F7-4668-BE54-9A1E7A4F7556}") = "QuickAnswer", "QuickAnswer\QuickAnswer.csproj", "{1EDA6869-0558-49D8-821C-723F501E8959}"
EndProject
Project("{FAE04EC0-301F-11D3-BF4B-00C04F79EFBC}") = "QuickAnswer.Tests", "QuickAnswer.Tests\QuickAnswer.Tests.csproj", "{5A3CE881-686E-4CBF-AAB9-85C05C3A4D3D}"
EndProject
Global
	GlobalSection(SolutionConfigurationPlatforms) = preSolution
		Debug|Any CPU = Debug|Any CPU
		Release|Any CPU = Release|Any CPU
	EndGlobalSection
	GlobalSection(ProjectConfigurationPlatforms) = postSolution
		{1EDA6869-0558-49D8-821C-723F501E8959}.Debug|Any CPU.ActiveCfg = Debug|Any CPU
		{1EDA6869-0558-49D8-821C-723F501E8959}.Debug|Any CPU.Build.0 = Debug|Any CPU
		{1EDA6869-0558-49D8-821C-723F501E8959}.Release|Any CPU.ActiveCfg = Release|Any CPU
		{1EDA6869-0558-49D8-821C-723F501E8959}.Release|Any CPU.Build.0 = Release|Any CPU
		{5A3CE881-686E-4CBF-AAB9-85C05C3A4D3D}.Debug|Any CPU.ActiveCfg = Debug|Any CPU
		{5A3CE881-686E-4CBF-AAB9-85C05C3A4D3D}.Debug|Any CPU.Build.0 = Debug|Any CPU
		{5A3CE881-686E-4CBF-AAB9-85C05C3A4D3D}.Release|Any CPU.ActiveCfg = Release|Any CPU
		{5A3CE881-686E-4CBF-AAB9-85C05C3A4D3D}.Release|Any CPU.Build.0 = Release|Any CPU
	EndGlobalSection
	GlobalSection(SolutionProperties) = preSolution
		HideSolutionNode = FALSE
	EndGlobalSection
	GlobalSection(ExtensibilityGlobals) = postSolution
		SolutionGuid = {4C2BABA7-E677-4228-9F62-FB0F19C2738A}
	EndGlobalSection
EndGlobal
